
Microsoft Visual Studio Solution File, Format Version 12.00
# Visual Studio Version 17
VisualStudioVersion = 17.14.36616.10 d17.14
MinimumVisualStudioVersion = 10.0.40219.1
Project("{FAE04EC0-301F-11D3-BF4B-00C04F79EFBC}") = "ADO.NET_ASSESSMENT", "ADO.NET_ASSESSMENT.csproj", "{617A1AE2-CD6D-4E63-933C-593BCBCDC80C}"
EndProject
Global
	GlobalSection(SolutionConfigurationPlatforms) = preSolution
		Debug|Any CPU = Debug|Any CPU
		Release|Any CPU = Release|Any CPU
	EndGlobalSection
	GlobalSection(ProjectConfigurationPlatforms) = postSolution
		{617A1AE2-CD6D-4E63-933C-593BCBCDC80C}.Debug|Any CPU.ActiveCfg = Debug|Any CPU
		{617A1AE2-CD6D-4E63-933C-593BCBCDC80C}.Debug|Any CPU.Build.0 = Debug|Any CPU
		{617A1AE2-CD6D-4E63-933C-593BCBCDC80C}.Release|Any CPU.ActiveCfg = Release|Any CPU
		{617A1AE2-CD6D-4E63-933C-593BCBCDC80C}.Release|Any CPU.Build.0 = Release|Any CPU
	EndGlobalSection
	GlobalSection(SolutionProperties) = preSolution
		HideSolutionNode = FALSE
	EndGlobalSection
	GlobalSection(ExtensibilityGlobals) = postSolution
		SolutionGuid = {86D11AC8-3195-4647-B92C-E7143779DCDE}
	EndGlobalSection
EndGlobal
